
Microsoft Visual Studio Solution File, Format Version 12.00
# Visual Studio Version 16
VisualStudioVersion = 16.0.30611.23
MinimumVisualStudioVersion = 10.0.40219.1
Project("{FAE04EC0-301F-11D3-BF4B-00C04F79EFBC}") = "blank2", "blank2.csproj", "{EE9A9D18-B480-4109-BACF-540DEFDC3F80}"
EndProject
Global
	GlobalSection(SolutionConfigurationPlatforms) = preSolution
		Debug|Any CPU = Debug|Any CPU
		Release|Any CPU = Release|Any CPU
	EndGlobalSection
	GlobalSection(ProjectConfigurationPlatforms) = postSolution
		{EE9A9D18-B480-4109-BACF-540DEFDC3F80}.Debug|Any CPU.ActiveCfg = Debug|Any CPU
		{EE9A9D18-B480-4109-BACF-540DEFDC3F80}.Debug|Any CPU.Build.0 = Debug|Any CPU
		{EE9A9D18-B480-4109-BACF-540DEFDC3F80}.Release|Any CPU.ActiveCfg = Release|Any CPU
		{EE9A9D18-B480-4109-BACF-540DEFDC3F80}.Release|Any CPU.Build.0 = Release|Any CPU
	EndGlobalSection
	GlobalSection(SolutionProperties) = preSolution
		HideSolutionNode = FALSE
	EndGlobalSection
	GlobalSection(ExtensibilityGlobals) = postSolution
		SolutionGuid = {971E6F94-392C-496D-89FF-13414CD8395D}
	EndGlobalSection
EndGlobal
